
Microsoft Visual Studio Solution File, Format Version 12.00
# Visual Studio Version 16
VisualStudioVersion = 16.0.30413.136
MinimumVisualStudioVersion = 10.0.40219.1
Project("{FAE04EC0-301F-11D3-BF4B-00C04F79EFBC}") = "savetray", "savetray.csproj", "{EEC4B5A9-8334-4B84-9529-05D2051FCE24}"
EndProject
Global
	GlobalSection(SolutionConfigurationPlatforms) = preSolution
		Debug|Any CPU = Debug|Any CPU
		Release|Any CPU = Release|Any CPU
	EndGlobalSection
	GlobalSection(ProjectConfigurationPlatforms) = postSolution
		{EEC4B5A9-8334-4B84-9529-05D2051FCE24}.Debug|Any CPU.ActiveCfg = Debug|Any CPU
		{EEC4B5A9-8334-4B84-9529-05D2051FCE24}.Debug|Any CPU.Build.0 = Debug|Any CPU
		{EEC4B5A9-8334-4B84-9529-05D2051FCE24}.Release|Any CPU.ActiveCfg = Release|Any CPU
		{EEC4B5A9-8334-4B84-9529-05D2051FCE24}.Release|Any CPU.Build.0 = Release|Any CPU
	EndGlobalSection
	GlobalSection(SolutionProperties) = preSolution
		HideSolutionNode = FALSE
	EndGlobalSection
	GlobalSection(ExtensibilityGlobals) = postSolution
		SolutionGuid = {C01AF44E-B00C-4122-B8E5-A2EE878E2E7E}
	EndGlobalSection
EndGlobal
